
Microsoft Visual Studio Solution File, Format Version 12.00
# Visual Studio Version 17
VisualStudioVersion = 17.5.33530.505
MinimumVisualStudioVersion = 10.0.40219.1
Project("{FAE04EC0-301F-11D3-BF4B-00C04F79EFBC}") = "ConsoleAppDay6", "ConsoleAppDay6\ConsoleAppDay6.csproj", "{6A47BC11-CA0B-401B-8E2E-2E4CFC2CD069}"
EndProject
Global
	GlobalSection(SolutionConfigurationPlatforms) = preSolution
		Debug|Any CPU = Debug|Any CPU
		Release|Any CPU = Release|Any CPU
	EndGlobalSection
	GlobalSection(ProjectConfigurationPlatforms) = postSolution
		{6A47BC11-CA0B-401B-8E2E-2E4CFC2CD069}.Debug|Any CPU.ActiveCfg = Debug|Any CPU
		{6A47BC11-CA0B-401B-8E2E-2E4CFC2CD069}.Debug|Any CPU.Build.0 = Debug|Any CPU
		{6A47BC11-CA0B-401B-8E2E-2E4CFC2CD069}.Release|Any CPU.ActiveCfg = Release|Any CPU
		{6A47BC11-CA0B-401B-8E2E-2E4CFC2CD069}.Release|Any CPU.Build.0 = Release|Any CPU
	EndGlobalSection
	GlobalSection(SolutionProperties) = preSolution
		HideSolutionNode = FALSE
	EndGlobalSection
	GlobalSection(ExtensibilityGlobals) = postSolution
		SolutionGuid = {A7453E1A-75BF-436A-9FF2-772111DC8419}
	EndGlobalSection
EndGlobal
